# This file was autogenerated by Stack.
# You should not edit this file by hand.
# For more information, please see the documentation at:
#   https://docs.haskellstack.org/en/stable/lock_files

packages: []
snapshots:
- completed:
    size: 556770
    url: https://raw.githubusercontent.com/commercialhaskell/stackage-snapshots/master/nightly/2020/12/13.yaml
    sha256: f28fdde5d1513d530830a8cee8354ec928dbbd510d86140758114ddf84f4ca39
  original: nightly-2020-12-13
